{
  "lockfileVersion": 1,
  "configVersion": 1,
  "workspaces": {
    "": {
      "name": "tui",
      "dependencies": {
        "@mariozechner/pi-tui": "^0.44.0",
        "commander": "^14.0.0",
      },
      "devDependencies": {
        "@types/bun": "latest",
        "oxfmt": "^0.24.0",
        "oxlint": "^1.39.0",
        "oxlint-tsgolint": "^0.11.0",
        "ultracite": "7.0.11",
      },
    },
  },
  "packages": {
    "@clack/core": ["@clack/core@0.5.0", "", { "dependencies": { "picocolors": "^1.0.0", "sisteransi": "^1.0.5" } }, "sha512-p3y0FIOwaYRUPRcMO7+dlmLh8PSRcrjuTndsiA0WAFbWES0mLZlrjVoBRZ9DzkPFJZG6KGkJmoEAY0ZcVWTkow=="],

    "@clack/prompts": ["@clack/prompts@0.11.0", "", { "dependencies": { "@clack/core": "0.5.0", "picocolors": "^1.0.0", "sisteransi": "^1.0.5" } }, "sha512-pMN5FcrEw9hUkZA4f+zLlzivQSeQf5dRGJjSUbvVYDLvpKCdQx5OaknvKzgbtXOizhP+SJJJjqEbOe55uKKfAw=="],

    "@isaacs/balanced-match": ["@isaacs/balanced-match@4.0.1", "", {}, "sha512-yzMTt9lEb8Gv7zRioUilSglI0c0smZ9k5D65677DLWLtWJaXIS3CqcGyUFByYKlnUj6TkjLVs54fBl6+TiGQDQ=="],

    "@isaacs/brace-expansion": ["@isaacs/brace-expansion@5.0.0", "", { "dependencies": { "@isaacs/balanced-match": "^4.0.1" } }, "sha512-ZT55BDLV0yv0RBm2czMiZ+SqCGO7AvmOM3G/w2xhVPH+te0aKgFjmBvGlL1dH+ql2tgGO3MVrbb3jCKyvpgnxA=="],

    "@mariozechner/pi-tui": ["@mariozechner/pi-tui@0.44.0", "", { "dependencies": { "@types/mime-types": "^2.1.4", "chalk": "^5.5.0", "get-east-asian-width": "^1.3.0", "marked": "^15.0.12", "mime-types": "^3.0.1" } }, "sha512-j+4FZx8tvfDQ9+ghJimHWvx3t1VonePvr/GgJq7bhGzIdeq+zeDZ7J3kZC4gY9Z+ScE1ec6TknO1AAEPZQOtDw=="],

    "@oxfmt/darwin-arm64": ["@oxfmt/darwin-arm64@0.24.0", "", { "os": "darwin", "cpu": "arm64" }, "sha512-aYXuGf/yq8nsyEcHindGhiz9I+GEqLkVq8CfPbd+6VE259CpPEH+CaGHEO1j6vIOmNr8KHRq+IAjeRO2uJpb8A=="],

    "@oxfmt/darwin-x64": ["@oxfmt/darwin-x64@0.24.0", "", { "os": "darwin", "cpu": "x64" }, "sha512-vs3b8Bs53hbiNvcNeBilzE/+IhDTWKjSBB3v/ztr664nZk65j0xr+5IHMBNz3CFppmX7o/aBta2PxY+t+4KoPg=="],

    "@oxfmt/linux-arm64-gnu": ["@oxfmt/linux-arm64-gnu@0.24.0", "", { "os": "linux", "cpu": "arm64" }, "sha512-ItPDOPoQ0wLj/s8osc5ch57uUcA1Wk8r0YdO8vLRpXA3UNg7KPOm1vdbkIZRRiSUphZcuX5ioOEetEK8H7RlTw=="],

    "@oxfmt/linux-arm64-musl": ["@oxfmt/linux-arm64-musl@0.24.0", "", { "os": "linux", "cpu": "arm64" }, "sha512-JkQO3WnQjQTJONx8nxdgVBfl6BBFfpp9bKhChYhWeakwJdr7QPOAWJ/v3FGZfr0TbqINwnNR74aVZayDDRyXEA=="],

    "@oxfmt/linux-x64-gnu": ["@oxfmt/linux-x64-gnu@0.24.0", "", { "os": "linux", "cpu": "x64" }, "sha512-N/SXlFO+2kak5gMt0oxApi0WXQDhwA0PShR0UbkY0PwtHjfSiDqJSOumyNqgQVoroKr1GNnoRmUqjZIz6DKIcw=="],

    "@oxfmt/linux-x64-musl": ["@oxfmt/linux-x64-musl@0.24.0", "", { "os": "linux", "cpu": "x64" }, "sha512-WM0pek5YDCQf50XQ7GLCE9sMBCMPW/NPAEPH/Hx6Qyir37lEsP4rUmSECo/QFNTU6KBc9NnsviAyJruWPpCMXw=="],

    "@oxfmt/win32-arm64": ["@oxfmt/win32-arm64@0.24.0", "", { "os": "win32", "cpu": "arm64" }, "sha512-vFCseli1KWtwdHrVlT/jWfZ8jP8oYpnPPEjI23mPLW8K/6GEJmmvy0PZP5NpWUFNTzX0lqie58XnrATJYAe9Xw=="],

    "@oxfmt/win32-x64": ["@oxfmt/win32-x64@0.24.0", "", { "os": "win32", "cpu": "x64" }, "sha512-0tmlNzcyewAnauNeBCq0xmAkmiKzl+H09p0IdHy+QKrTQdtixtf+AOjDAADbRfihkS+heF15Pjc4IyJMdAAJjw=="],

    "@oxlint-tsgolint/darwin-arm64": ["@oxlint-tsgolint/darwin-arm64@0.11.0", "", { "os": "darwin", "cpu": "arm64" }, "sha512-F67T8dXgYIrgv6wpd52fKQFdmieSOHaxBkscgso64YdtEHrV3s52ASiZGNzw62TKihn9Ox9ek3PYx9XsxIJDUw=="],

    "@oxlint-tsgolint/darwin-x64": ["@oxlint-tsgolint/darwin-x64@0.11.0", "", { "os": "darwin", "cpu": "x64" }, "sha512-z44LO7+3z2mtcBxA9T66yEy/otp/2r5ypbkx7EYlPwbEqBAIDRt/8hqQ9/BUC//1qE549P1cBU6NjhgeyuXjYQ=="],

    "@oxlint-tsgolint/linux-arm64": ["@oxlint-tsgolint/linux-arm64@0.11.0", "", { "os": "linux", "cpu": "arm64" }, "sha512-IeIjmpPi2j2Dn1CRizGikysyLp9B0q3jqiAalv9ewRyb8hqQW5YeMlsswo8pHd0Hz3KyFfone0NkvBt77Ex2pg=="],

    "@oxlint-tsgolint/linux-x64": ["@oxlint-tsgolint/linux-x64@0.11.0", "", { "os": "linux", "cpu": "x64" }, "sha512-fpYGYU2pXjaXYnKgWrihFXE8zJiTRjYKSHAaBaVI056oqKjKGEoU2BfFbddpBrKgz9TmSOX/NGftrJnyMn1wXQ=="],

    "@oxlint-tsgolint/win32-arm64": ["@oxlint-tsgolint/win32-arm64@0.11.0", "", { "os": "win32", "cpu": "arm64" }, "sha512-37nzks9eqBt7NYE6okquu51vaqMruF5voX475L16Y8asJVCGpO/2VSy3ulYAXhZ+5Kdc8ZgrljVViJOjfPEPaA=="],

    "@oxlint-tsgolint/win32-x64": ["@oxlint-tsgolint/win32-x64@0.11.0", "", { "os": "win32", "cpu": "x64" }, "sha512-TsK4C61+mjmbkUJ3Q3E9Ev3VFbeI6prPEAm9FAOq8VsfUGEiIUBBjrZ8ysGoQXNiU3dCKpmu012ptVUZTk5/eg=="],

    "@oxlint/darwin-arm64": ["@oxlint/darwin-arm64@1.39.0", "", { "os": "darwin", "cpu": "arm64" }, "sha512-lT3hNhIa02xCujI6YGgjmYGg3Ht/X9ag5ipUVETaMpx5Rd4BbTNWUPif1WN1YZHxt3KLCIqaAe7zVhatv83HOQ=="],

    "@oxlint/darwin-x64": ["@oxlint/darwin-x64@1.39.0", "", { "os": "darwin", "cpu": "x64" }, "sha512-UT+rfTWd+Yr7iJeSLd/7nF8X4gTYssKh+n77hxl6Oilp3NnG1CKRHxZDy3o3lIBnwgzJkdyUAiYWO1bTMXQ1lA=="],

    "@oxlint/linux-arm64-gnu": ["@oxlint/linux-arm64-gnu@1.39.0", "", { "os": "linux", "cpu": "arm64" }, "sha512-qocBkvS2V6rH0t9AT3DfQunMnj3xkM7srs5/Ycj2j5ZqMoaWd/FxHNVJDFP++35roKSvsRJoS0mtA8/77jqm6Q=="],

    "@oxlint/linux-arm64-musl": ["@oxlint/linux-arm64-musl@1.39.0", "", { "os": "linux", "cpu": "arm64" }, "sha512-arZzAc1PPcz9epvGBBCMHICeyQloKtHX3eoOe62B3Dskn7gf6Q14wnDHr1r9Vp4vtcBATNq6HlKV14smdlC/qA=="],

    "@oxlint/linux-x64-gnu": ["@oxlint/linux-x64-gnu@1.39.0", "", { "os": "linux", "cpu": "x64" }, "sha512-ZVt5qsECpuNprdWxAPpDBwoixr1VTcZ4qAEQA2l/wmFyVPDYFD3oBY/SWACNnWBddMrswjTg9O8ALxYWoEpmXw=="],

    "@oxlint/linux-x64-musl": ["@oxlint/linux-x64-musl@1.39.0", "", { "os": "linux", "cpu": "x64" }, "sha512-pB0hlGyKPbxr9NMIV783lD6cWL3MpaqnZRM9MWni4yBdHPTKyFNYdg5hGD0Bwg+UP4S2rOevq/+OO9x9Bi7E6g=="],

    "@oxlint/win32-arm64": ["@oxlint/win32-arm64@1.39.0", "", { "os": "win32", "cpu": "arm64" }, "sha512-Gg2SFaJohI9+tIQVKXlPw3FsPQFi/eCSWiCgwPtPn5uzQxHRTeQEZKuluz1fuzR5U70TXubb2liZi4Dgl8LJQA=="],

    "@oxlint/win32-x64": ["@oxlint/win32-x64@1.39.0", "", { "os": "win32", "cpu": "x64" }, "sha512-sbi25lfj74hH+6qQtb7s1wEvd1j8OQbTaH8v3xTcDjrwm579Cyh0HBv1YSZ2+gsnVwfVDiCTL1D0JsNqYXszVA=="],

    "@trpc/server": ["@trpc/server@11.8.1", "", { "peerDependencies": { "typescript": ">=5.7.2" } }, "sha512-P4rzZRpEL7zDFgjxK65IdyH0e41FMFfTkQkuq0BA5tKcr7E6v9/v38DEklCpoDN6sPiB1Sigy/PUEzHENhswDA=="],

    "@types/bun": ["@types/bun@1.3.5", "", { "dependencies": { "bun-types": "1.3.5" } }, "sha512-RnygCqNrd3srIPEWBd5LFeUYG7plCoH2Yw9WaZGyNmdTEei+gWaHqydbaIRkIkcbXwhBT94q78QljxN0Sk838w=="],

    "@types/mime-types": ["@types/mime-types@2.1.4", "", {}, "sha512-lfU4b34HOri+kAY5UheuFMWPDOI+OPceBSHZKp69gEyTL/mmJ4cnU6Y/rlme3UL3GyOn6Y42hyIEw0/q8sWx5w=="],

    "@types/node": ["@types/node@25.0.6", "", { "dependencies": { "undici-types": "~7.16.0" } }, "sha512-NNu0sjyNxpoiW3YuVFfNz7mxSQ+S4X2G28uqg2s+CzoqoQjLPsWSbsFFyztIAqt2vb8kfEAsJNepMGPTxFDx3Q=="],

    "bun-types": ["bun-types@1.3.5", "", { "dependencies": { "@types/node": "*" } }, "sha512-inmAYe2PFLs0SUbFOWSVD24sg1jFlMPxOjOSSCYqUgn4Hsc3rDc7dFvfVYjFPNHtov6kgUeulV4SxbuIV/stPw=="],

    "chalk": ["chalk@5.6.2", "", {}, "sha512-7NzBL0rN6fMUW+f7A6Io4h40qQlG+xGmtMxfbnH/K7TAtt8JQWVQK+6g0UXKMeVJoyV5EkkNsErQ8pVD3bLHbA=="],

    "citty": ["citty@0.1.6", "", { "dependencies": { "consola": "^3.2.3" } }, "sha512-tskPPKEs8D2KPafUypv2gxwJP8h/OaJmC82QQGGDQcHvXX43xF2VDACcJVmZ0EuSxkpO9Kc4MlrA3q0+FG58AQ=="],

    "commander": ["commander@14.0.2", "", {}, "sha512-TywoWNNRbhoD0BXs1P3ZEScW8W5iKrnbithIl0YH+uCmBd0QpPOA8yc82DS3BIE5Ma6FnBVUsJ7wVUDz4dvOWQ=="],

    "confbox": ["confbox@0.2.2", "", {}, "sha512-1NB+BKqhtNipMsov4xI/NnhCKp9XG9NamYp5PVm9klAT0fsrNPjaFICsCFhNhwZJKNh7zB/3q8qXz0E9oaMNtQ=="],

    "consola": ["consola@3.4.2", "", {}, "sha512-5IKcdX0nnYavi6G7TtOhwkYzyjfJlatbjMjuLSfE2kYT5pMDOilZ4OvMhi637CcDICTmz3wARPoyhqyX1Y+XvA=="],

    "deepmerge": ["deepmerge@4.3.1", "", {}, "sha512-3sUqbMEc77XqpdNO7FRyRog+eW3ph+GYCbj+rK+uYyRMuwsVy0rMiVtPn+QJlKFvWP/1PYpapqYn0Me2knFn+A=="],

    "exsolve": ["exsolve@1.0.8", "", {}, "sha512-LmDxfWXwcTArk8fUEnOfSZpHOJ6zOMUJKOtFLFqJLoKJetuQG874Uc7/Kki7zFLzYybmZhp1M7+98pfMqeX8yA=="],

    "get-east-asian-width": ["get-east-asian-width@1.4.0", "", {}, "sha512-QZjmEOC+IT1uk6Rx0sX22V6uHWVwbdbxf1faPqJ1QhLdGgsRGCZoyaQBm/piRdJy/D2um6hM1UP7ZEeQ4EkP+Q=="],

    "glob": ["glob@13.0.0", "", { "dependencies": { "minimatch": "^10.1.1", "minipass": "^7.1.2", "path-scurry": "^2.0.0" } }, "sha512-tvZgpqk6fz4BaNZ66ZsRaZnbHvP/jG3uKJvAZOwEVUL4RTA5nJeeLYfyN9/VA8NX/V3IBG+hkeuGpKjvELkVhA=="],

    "jsonc-parser": ["jsonc-parser@3.3.1", "", {}, "sha512-HUgH65KyejrUFPvHFPbqOY0rsFip3Bo5wb4ngvdi1EpCYWUQDC5V+Y7mZws+DLkr4M//zQJoanu1SP+87Dv1oQ=="],

    "lru-cache": ["lru-cache@11.2.4", "", {}, "sha512-B5Y16Jr9LB9dHVkh6ZevG+vAbOsNOYCX+sXvFWFu7B3Iz5mijW3zdbMyhsh8ANd2mSWBYdJgnqi+mL7/LrOPYg=="],

    "marked": ["marked@15.0.12", "", { "bin": { "marked": "bin/marked.js" } }, "sha512-8dD6FusOQSrpv9Z1rdNMdlSgQOIP880DHqnohobOmYLElGEqAL/JvxvuxZO16r4HtjTlfPRDC1hbvxC9dPN2nA=="],

    "mime-db": ["mime-db@1.54.0", "", {}, "sha512-aU5EJuIN2WDemCcAp2vFBfp/m4EAhWJnUNSSw0ixs7/kXbd6Pg64EmwJkNdFhB8aWt1sH2CTXrLxo/iAGV3oPQ=="],

    "mime-types": ["mime-types@3.0.2", "", { "dependencies": { "mime-db": "^1.54.0" } }, "sha512-Lbgzdk0h4juoQ9fCKXW4by0UJqj+nOOrI9MJ1sSj4nI8aI2eo1qmvQEie4VD1glsS250n15LsWsYtCugiStS5A=="],

    "minimatch": ["minimatch@10.1.1", "", { "dependencies": { "@isaacs/brace-expansion": "^5.0.0" } }, "sha512-enIvLvRAFZYXJzkCYG5RKmPfrFArdLv+R+lbQ53BmIMLIry74bjKzX6iHAm8WYamJkhSSEabrWN5D97XnKObjQ=="],

    "minipass": ["minipass@7.1.2", "", {}, "sha512-qOOzS1cBTWYF4BH8fVePDBOO9iptMnGUEZwNc/cMWnTV2nVLZ7VoNWEPHkYczZA0pdoA7dl6e7FL659nX9S2aw=="],

    "nypm": ["nypm@0.6.2", "", { "dependencies": { "citty": "^0.1.6", "consola": "^3.4.2", "pathe": "^2.0.3", "pkg-types": "^2.3.0", "tinyexec": "^1.0.1" }, "bin": { "nypm": "dist/cli.mjs" } }, "sha512-7eM+hpOtrKrBDCh7Ypu2lJ9Z7PNZBdi/8AT3AX8xoCj43BBVHD0hPSTEvMtkMpfs8FCqBGhxB+uToIQimA111g=="],

    "oxfmt": ["oxfmt@0.24.0", "", { "dependencies": { "tinypool": "2.0.0" }, "optionalDependencies": { "@oxfmt/darwin-arm64": "0.24.0", "@oxfmt/darwin-x64": "0.24.0", "@oxfmt/linux-arm64-gnu": "0.24.0", "@oxfmt/linux-arm64-musl": "0.24.0", "@oxfmt/linux-x64-gnu": "0.24.0", "@oxfmt/linux-x64-musl": "0.24.0", "@oxfmt/win32-arm64": "0.24.0", "@oxfmt/win32-x64": "0.24.0" }, "bin": { "oxfmt": "bin/oxfmt" } }, "sha512-UjeM3Peez8Tl7IJ9s5UwAoZSiDRMww7BEc21gDYxLq3S3/KqJnM3mjNxsoSHgmBvSeX6RBhoVc2MfC/+96RdSw=="],

    "oxlint": ["oxlint@1.39.0", "", { "optionalDependencies": { "@oxlint/darwin-arm64": "1.39.0", "@oxlint/darwin-x64": "1.39.0", "@oxlint/linux-arm64-gnu": "1.39.0", "@oxlint/linux-arm64-musl": "1.39.0", "@oxlint/linux-x64-gnu": "1.39.0", "@oxlint/linux-x64-musl": "1.39.0", "@oxlint/win32-arm64": "1.39.0", "@oxlint/win32-x64": "1.39.0" }, "peerDependencies": { "oxlint-tsgolint": ">=0.10.0" }, "optionalPeers": ["oxlint-tsgolint"], "bin": { "oxlint": "bin/oxlint" } }, "sha512-wSiLr0wjG+KTU6c1LpVoQk7JZ7l8HCKlAkVDVTJKWmCGazsNxexxnOXl7dsar92mQcRnzko5g077ggP3RINSjA=="],

    "oxlint-tsgolint": ["oxlint-tsgolint@0.11.0", "", { "optionalDependencies": { "@oxlint-tsgolint/darwin-arm64": "0.11.0", "@oxlint-tsgolint/darwin-x64": "0.11.0", "@oxlint-tsgolint/linux-arm64": "0.11.0", "@oxlint-tsgolint/linux-x64": "0.11.0", "@oxlint-tsgolint/win32-arm64": "0.11.0", "@oxlint-tsgolint/win32-x64": "0.11.0" }, "bin": { "tsgolint": "bin/tsgolint.js" } }, "sha512-fGYb7z/cljC0Rjtbxh7mIe8vtF/M9TShLvniwc2rdcqNG3Z9g3nM01cr2kWRb1DZdbY4/kItvIsrV4uhaMifyQ=="],

    "path-scurry": ["path-scurry@2.0.1", "", { "dependencies": { "lru-cache": "^11.0.0", "minipass": "^7.1.2" } }, "sha512-oWyT4gICAu+kaA7QWk/jvCHWarMKNs6pXOGWKDTr7cw4IGcUbW+PeTfbaQiLGheFRpjo6O9J0PmyMfQPjH71oA=="],

    "pathe": ["pathe@2.0.3", "", {}, "sha512-WUjGcAqP1gQacoQe+OBJsFA7Ld4DyXuUIjZ5cc75cLHvJ7dtNsTugphxIADwspS+AraAUePCKrSVtPLFj/F88w=="],

    "picocolors": ["picocolors@1.1.1", "", {}, "sha512-xceH2snhtb5M9liqDsmEw56le376mTZkEX/jEb/RxNFyegNul7eNslCXP9FDj/Lcu0X8KEyMceP2ntpaHrDEVA=="],

    "pkg-types": ["pkg-types@2.3.0", "", { "dependencies": { "confbox": "^0.2.2", "exsolve": "^1.0.7", "pathe": "^2.0.3" } }, "sha512-SIqCzDRg0s9npO5XQ3tNZioRY1uK06lA41ynBC1YmFTmnY6FjUjVt6s4LoADmwoig1qqD0oK8h1p/8mlMx8Oig=="],

    "sisteransi": ["sisteransi@1.0.5", "", {}, "sha512-bLGGlR1QxBcynn2d5YmDX4MGjlZvy2MRBDRNHLJ8VI6l6+9FUiyTFNJ0IveOSP0bcXgVDPRcfGqA0pjaqUpfVg=="],

    "tinyexec": ["tinyexec@1.0.2", "", {}, "sha512-W/KYk+NFhkmsYpuHq5JykngiOCnxeVL8v8dFnqxSD8qEEdRfXk1SDM6JzNqcERbcGYj9tMrDQBYV9cjgnunFIg=="],

    "tinypool": ["tinypool@2.0.0", "", {}, "sha512-/RX9RzeH2xU5ADE7n2Ykvmi9ED3FBGPAjw9u3zucrNNaEBIO0HPSYgL0NT7+3p147ojeSdaVu08F6hjpv31HJg=="],

    "trpc-cli": ["trpc-cli@0.12.2", "", { "dependencies": { "commander": "^14.0.0" }, "peerDependencies": { "@orpc/server": "^1.0.0", "@trpc/server": "^10.45.2 || ^11.0.1", "@valibot/to-json-schema": "^1.1.0", "effect": "^3.14.2 || ^4.0.0", "valibot": "^1.1.0", "zod": "^3.24.0 || ^4.0.0" }, "optionalPeers": ["@orpc/server", "@trpc/server", "@valibot/to-json-schema", "effect", "valibot", "zod"], "bin": { "trpc-cli": "dist/bin.js" } }, "sha512-kGNCiyOimGlfcZFImbWzFF2Nn3TMnenwUdyuckiN5SEaceJbIac7+Iau3WsVHjQpoNgugFruZMDOKf8GNQNtJw=="],

    "typescript": ["typescript@5.9.3", "", { "bin": { "tsc": "bin/tsc", "tsserver": "bin/tsserver" } }, "sha512-jl1vZzPDinLr9eUt3J/t7V6FgNEw9QjvBPdysz9KfQDD41fQrC2Y4vKQdiaUpFT4bXlb1RHhLpp8wtm6M5TgSw=="],

    "ultracite": ["ultracite@7.0.11", "", { "dependencies": { "@clack/prompts": "^0.11.0", "@trpc/server": "^11.8.1", "deepmerge": "^4.3.1", "glob": "^13.0.0", "jsonc-parser": "^3.3.1", "nypm": "^0.6.2", "trpc-cli": "^0.12.2", "zod": "^4.3.5" }, "peerDependencies": { "oxlint": "^1.0.0" }, "optionalPeers": ["oxlint"], "bin": { "ultracite": "dist/index.js" } }, "sha512-YeuJTf/Tu12l7K0qvl1G525NfrPUay6UFVt6TrTL8QfXcFZBI+Tzr0Dg14Hxcb964pRQF5PjBaUk3bJCNQHu+g=="],

    "undici-types": ["undici-types@7.16.0", "", {}, "sha512-Zz+aZWSj8LE6zoxD+xrjh4VfkIG8Ya6LvYkZqtUQGJPZjYl53ypCaUwWqo7eI0x66KBGeRo+mlBEkMSeSZ38Nw=="],

    "zod": ["zod@4.3.5", "", {}, "sha512-k7Nwx6vuWx1IJ9Bjuf4Zt1PEllcwe7cls3VNzm4CQ1/hgtFUK2bRNG3rvnpPUhFjmqJKAKtjV576KnUkHocg/g=="],
  }
}
